// !$*UTF8*$!
{
	archiveVersion = 1;
	classes = {
	};
	objectVersion = 50;
	objects = {

/* Begin PBXBuildFile section */
		2700E4D0265984C800F4FC78 /* TouchDownApp.swift in Sources */ = {isa = PBXBuildFile; fileRef = 2700E4CF265984C800F4FC78 /* TouchDownApp.swift */; };
		2700E4D2265984C800F4FC78 /* ContentView.swift in Sources */ = {isa = PBXBuildFile; fileRef = 2700E4D1265984C800F4FC78 /* ContentView.swift */; };
		2700E4D4265984CB00F4FC78 /* Assets.xcassets in Resources */ = {isa = PBXBuildFile; fileRef = 2700E4D3265984CB00F4FC78 /* Assets.xcassets */; };
		2700E4D7265984CB00F4FC78 /* Preview Assets.xcassets in Resources */ = {isa = PBXBuildFile; fileRef = 2700E4D6265984CB00F4FC78 /* Preview Assets.xcassets */; };
		2700E4E3265985AB00F4FC78 /* category.json in Resources */ = {isa = PBXBuildFile; fileRef = 2700E4DF265985AA00F4FC78 /* category.json */; };
		2700E4E4265985AB00F4FC78 /* player.json in Resources */ = {isa = PBXBuildFile; fileRef = 2700E4E0265985AB00F4FC78 /* player.json */; };
		2700E4E5265985AB00F4FC78 /* brand.json in Resources */ = {isa = PBXBuildFile; fileRef = 2700E4E1265985AB00F4FC78 /* brand.json */; };
		2700E4E6265985AB00F4FC78 /* product.json in Resources */ = {isa = PBXBuildFile; fileRef = 2700E4E2265985AB00F4FC78 /* product.json */; };
		2700E4F62659884300F4FC78 /* Constant.swift in Sources */ = {isa = PBXBuildFile; fileRef = 2700E4F52659884300F4FC78 /* Constant.swift */; };
		2700E4F9265988E700F4FC78 /* FooterView.swift in Sources */ = {isa = PBXBuildFile; fileRef = 2700E4F8265988E700F4FC78 /* FooterView.swift */; };
		2741BABC265AE5880002C7AE /* ProductDetailView.swift in Sources */ = {isa = PBXBuildFile; fileRef = 2741BABB265AE5880002C7AE /* ProductDetailView.swift */; };
		2741BABF265AE6620002C7AE /* NavigationBarDetailView.swift in Sources */ = {isa = PBXBuildFile; fileRef = 2741BABE265AE6620002C7AE /* NavigationBarDetailView.swift */; };
		2741BAC2265AE7B30002C7AE /* HeaderDetailView.swift in Sources */ = {isa = PBXBuildFile; fileRef = 2741BAC1265AE7B30002C7AE /* HeaderDetailView.swift */; };
		2741BAC5265AE89A0002C7AE /* TopPartDetailView.swift in Sources */ = {isa = PBXBuildFile; fileRef = 2741BAC4265AE89A0002C7AE /* TopPartDetailView.swift */; };
		2741BAC8265AEB5F0002C7AE /* CustomShape.swift in Sources */ = {isa = PBXBuildFile; fileRef = 2741BAC7265AEB5F0002C7AE /* CustomShape.swift */; };
		2741BACB265AEC9B0002C7AE /* RatingsSizesDetailView.swift in Sources */ = {isa = PBXBuildFile; fileRef = 2741BACA265AEC9B0002C7AE /* RatingsSizesDetailView.swift */; };
		2741BACE265AEF400002C7AE /* QuantityFavouriteDetailView.swift in Sources */ = {isa = PBXBuildFile; fileRef = 2741BACD265AEF400002C7AE /* QuantityFavouriteDetailView.swift */; };
		2741BAD1265AF0AD0002C7AE /* AddToCartDetailView.swift in Sources */ = {isa = PBXBuildFile; fileRef = 2741BAD0265AF0AD0002C7AE /* AddToCartDetailView.swift */; };
		27F12E282659CEF50047FB86 /* NavigationBarView.swift in Sources */ = {isa = PBXBuildFile; fileRef = 27F12E272659CEF40047FB86 /* NavigationBarView.swift */; };
		27F12E2B2659D0010047FB86 /* LogoView.swift in Sources */ = {isa = PBXBuildFile; fileRef = 27F12E2A2659D0010047FB86 /* LogoView.swift */; };
		27F12E2F2659D3750047FB86 /* PlayerModel.swift in Sources */ = {isa = PBXBuildFile; fileRef = 27F12E2E2659D3750047FB86 /* PlayerModel.swift */; };
		27F12E322659D3AC0047FB86 /* CodableBundleExtention.swift in Sources */ = {isa = PBXBuildFile; fileRef = 27F12E312659D3AC0047FB86 /* CodableBundleExtention.swift */; };
		27F12E352659D4EB0047FB86 /* FeaturedItemView.swift in Sources */ = {isa = PBXBuildFile; fileRef = 27F12E342659D4EB0047FB86 /* FeaturedItemView.swift */; };
		27F12E382659D56E0047FB86 /* FeaturedTabView.swift in Sources */ = {isa = PBXBuildFile; fileRef = 27F12E372659D56E0047FB86 /* FeaturedTabView.swift */; };
		27F12E3B2659F5960047FB86 /* CategoryModel.swift in Sources */ = {isa = PBXBuildFile; fileRef = 27F12E3A2659F5960047FB86 /* CategoryModel.swift */; };
		27F12E3E2659F6660047FB86 /* CategoryItemView.swift in Sources */ = {isa = PBXBuildFile; fileRef = 27F12E3D2659F6660047FB86 /* CategoryItemView.swift */; };
		27F12E412659F7740047FB86 /* CategoryGridView.swift in Sources */ = {isa = PBXBuildFile; fileRef = 27F12E402659F7740047FB86 /* CategoryGridView.swift */; };
		27F12E442659F8630047FB86 /* SectionView.swift in Sources */ = {isa = PBXBuildFile; fileRef = 27F12E432659F8630047FB86 /* SectionView.swift */; };
		27F12E472659F9DF0047FB86 /* TitleView.swift in Sources */ = {isa = PBXBuildFile; fileRef = 27F12E462659F9DF0047FB86 /* TitleView.swift */; };
		27F12E4A2659FAA40047FB86 /* ProductsModel.swift in Sources */ = {isa = PBXBuildFile; fileRef = 27F12E492659FAA40047FB86 /* ProductsModel.swift */; };
		27F12E4D2659FB0D0047FB86 /* ProductItemView.swift in Sources */ = {isa = PBXBuildFile; fileRef = 27F12E4C2659FB0D0047FB86 /* ProductItemView.swift */; };
		27F12E502659FD5E0047FB86 /* TeamsModel.swift in Sources */ = {isa = PBXBuildFile; fileRef = 27F12E4F2659FD5E0047FB86 /* TeamsModel.swift */; };
		27F12E532659FD9E0047FB86 /* TeamItemView.swift in Sources */ = {isa = PBXBuildFile; fileRef = 27F12E522659FD9E0047FB86 /* TeamItemView.swift */; };
		27F12E562659FE1E0047FB86 /* TeamGridView.swift in Sources */ = {isa = PBXBuildFile; fileRef = 27F12E552659FE1E0047FB86 /* TeamGridView.swift */; };
/* End PBXBuildFile section */

/* Begin PBXFileReference section */
		2700E4CC265984C800F4FC78 /* TouchDown.app */ = {isa = PBXFileReference; explicitFileType = wrapper.application; includeInIndex = 0; path = TouchDown.app; sourceTree = BUILT_PRODUCTS_DIR; };
		2700E4CF265984C800F4FC78 /* TouchDownApp.swift */ = {isa = PBXFileReference; lastKnownFileType = sourcecode.swift; path = TouchDownApp.swift; sourceTree = "<group>"; };
		2700E4D1265984C800F4FC78 /* ContentView.swift */ = {isa = PBXFileReference; lastKnownFileType = sourcecode.swift; path = ContentView.swift; sourceTree = "<group>"; };
		2700E4D3265984CB00F4FC78 /* Assets.xcassets */ = {isa = PBXFileReference; lastKnownFileType = folder.assetcatalog; path = Assets.xcassets; sourceTree = "<group>"; };
		2700E4D6265984CB00F4FC78 /* Preview Assets.xcassets */ = {isa = PBXFileReference; lastKnownFileType = folder.assetcatalog; path = "Preview Assets.xcassets"; sourceTree = "<group>"; };
		2700E4D8265984CB00F4FC78 /* Info.plist */ = {isa = PBXFileReference; lastKnownFileType = text.plist.xml; path = Info.plist; sourceTree = "<group>"; };
		2700E4DF265985AA00F4FC78 /* category.json */ = {isa = PBXFileReference; fileEncoding = 4; lastKnownFileType = text.json; path = category.json; sourceTree = "<group>"; };
		2700E4E0265985AB00F4FC78 /* player.json */ = {isa = PBXFileReference; fileEncoding = 4; lastKnownFileType = text.json; path = player.json; sourceTree = "<group>"; };
		2700E4E1265985AB00F4FC78 /* brand.json */ = {isa = PBXFileReference; fileEncoding = 4; lastKnownFileType = text.json; path = brand.json; sourceTree = "<group>"; };
		2700E4E2265985AB00F4FC78 /* product.json */ = {isa = PBXFileReference; fileEncoding = 4; lastKnownFileType = text.json; path = product.json; sourceTree = "<group>"; };
		2700E4F52659884300F4FC78 /* Constant.swift */ = {isa = PBXFileReference; lastKnownFileType = sourcecode.swift; path = Constant.swift; sourceTree = "<group>"; };
		2700E4F8265988E700F4FC78 /* FooterView.swift */ = {isa = PBXFileReference; lastKnownFileType = sourcecode.swift; path = FooterView.swift; sourceTree = "<group>"; };
		2741BABB265AE5880002C7AE /* ProductDetailView.swift */ = {isa = PBXFileReference; lastKnownFileType = sourcecode.swift; path = ProductDetailView.swift; sourceTree = "<group>"; };
		2741BABE265AE6620002C7AE /* NavigationBarDetailView.swift */ = {isa = PBXFileReference; lastKnownFileType = sourcecode.swift; path = NavigationBarDetailView.swift; sourceTree = "<group>"; };
		2741BAC1265AE7B30002C7AE /* HeaderDetailView.swift */ = {isa = PBXFileReference; lastKnownFileType = sourcecode.swift; path = HeaderDetailView.swift; sourceTree = "<group>"; };
		2741BAC4265AE89A0002C7AE /* TopPartDetailView.swift */ = {isa = PBXFileReference; lastKnownFileType = sourcecode.swift; path = TopPartDetailView.swift; sourceTree = "<group>"; };
		2741BAC7265AEB5F0002C7AE /* CustomShape.swift */ = {isa = PBXFileReference; lastKnownFileType = sourcecode.swift; path = CustomShape.swift; sourceTree = "<group>"; };
		2741BACA265AEC9B0002C7AE /* RatingsSizesDetailView.swift */ = {isa = PBXFileReference; lastKnownFileType = sourcecode.swift; path = RatingsSizesDetailView.swift; sourceTree = "<group>"; };
		2741BACD265AEF400002C7AE /* QuantityFavouriteDetailView.swift */ = {isa = PBXFileReference; lastKnownFileType = sourcecode.swift; path = QuantityFavouriteDetailView.swift; sourceTree = "<group>"; };
		2741BAD0265AF0AD0002C7AE /* AddToCartDetailView.swift */ = {isa = PBXFileReference; lastKnownFileType = sourcecode.swift; path = AddToCartDetailView.swift; sourceTree = "<group>"; };
		27F12E272659CEF40047FB86 /* NavigationBarView.swift */ = {isa = PBXFileReference; lastKnownFileType = sourcecode.swift; path = NavigationBarView.swift; sourceTree = "<group>"; };
		27F12E2A2659D0010047FB86 /* LogoView.swift */ = {isa = PBXFileReference; lastKnownFileType = sourcecode.swift; path = LogoView.swift; sourceTree = "<group>"; };
		27F12E2E2659D3750047FB86 /* PlayerModel.swift */ = {isa = PBXFileReference; lastKnownFileType = sourcecode.swift; path = PlayerModel.swift; sourceTree = "<group>"; };
		27F12E312659D3AC0047FB86 /* CodableBundleExtention.swift */ = {isa = PBXFileReference; lastKnownFileType = sourcecode.swift; path = CodableBundleExtention.swift; sourceTree = "<group>"; };
		27F12E342659D4EB0047FB86 /* FeaturedItemView.swift */ = {isa = PBXFileReference; lastKnownFileType = sourcecode.swift; path = FeaturedItemView.swift; sourceTree = "<group>"; };
		27F12E372659D56E0047FB86 /* FeaturedTabView.swift */ = {isa = PBXFileReference; lastKnownFileType = sourcecode.swift; path = FeaturedTabView.swift; sourceTree = "<group>"; };
		27F12E3A2659F5960047FB86 /* CategoryModel.swift */ = {isa = PBXFileReference; lastKnownFileType = sourcecode.swift; path = CategoryModel.swift; sourceTree = "<group>"; };
		27F12E3D2659F6660047FB86 /* CategoryItemView.swift */ = {isa = PBXFileReference; lastKnownFileType = sourcecode.swift; path = CategoryItemView.swift; sourceTree = "<group>"; };
		27F12E402659F7740047FB86 /* CategoryGridView.swift */ = {isa = PBXFileReference; lastKnownFileType = sourcecode.swift; path = CategoryGridView.swift; sourceTree = "<group>"; };
		27F12E432659F8630047FB86 /* SectionView.swift */ = {isa = PBXFileReference; lastKnownFileType = sourcecode.swift; path = SectionView.swift; sourceTree = "<group>"; };
		27F12E462659F9DF0047FB86 /* TitleView.swift */ = {isa = PBXFileReference; lastKnownFileType = sourcecode.swift; path = TitleView.swift; sourceTree = "<group>"; };
		27F12E492659FAA40047FB86 /* ProductsModel.swift */ = {isa = PBXFileReference; lastKnownFileType = sourcecode.swift; path = ProductsModel.swift; sourceTree = "<group>"; };
		27F12E4C2659FB0D0047FB86 /* ProductItemView.swift */ = {isa = PBXFileReference; lastKnownFileType = sourcecode.swift; path = ProductItemView.swift; sourceTree = "<group>"; };
		27F12E4F2659FD5E0047FB86 /* TeamsModel.swift */ = {isa = PBXFileReference; lastKnownFileType = sourcecode.swift; path = TeamsModel.swift; sourceTree = "<group>"; };
		27F12E522659FD9E0047FB86 /* TeamItemView.swift */ = {isa = PBXFileReference; lastKnownFileType = sourcecode.swift; path = TeamItemView.swift; sourceTree = "<group>"; };
		27F12E552659FE1E0047FB86 /* TeamGridView.swift */ = {isa = PBXFileReference; lastKnownFileType = sourcecode.swift; path = TeamGridView.swift; sourceTree = "<group>"; };
/* End PBXFileReference section */

/* Begin PBXFrameworksBuildPhase section */
		2700E4C9265984C800F4FC78 /* Frameworks */ = {
			isa = PBXFrameworksBuildPhase;
			buildActionMask = 2147483647;
			files = (
			);
			runOnlyForDeploymentPostprocessing = 0;
		};
/* End PBXFrameworksBuildPhase section */

/* Begin PBXGroup section */
		2700E4C3265984C800F4FC78 = {
			isa = PBXGroup;
			children = (
				2700E4CE265984C800F4FC78 /* TouchDown */,
				2700E4CD265984C800F4FC78 /* Products */,
			);
			sourceTree = "<group>";
		};
		2700E4CD265984C800F4FC78 /* Products */ = {
			isa = PBXGroup;
			children = (
				2700E4CC265984C800F4FC78 /* TouchDown.app */,
			);
			name = Products;
			sourceTree = "<group>";
		};
		2700E4CE265984C800F4FC78 /* TouchDown */ = {
			isa = PBXGroup;
			children = (
				2700E4EC2659879E00F4FC78 /* App */,
				2700E4EF265987B500F4FC78 /* View */,
				2700E4E8265985B400F4FC78 /* Data */,
				2700E4F2265987E800F4FC78 /* Model */,
				2700E4F4265987F200F4FC78 /* Utility */,
				2700E4F3265987EC00F4FC78 /* Extension */,
				2700E4D3265984CB00F4FC78 /* Assets.xcassets */,
				2700E4D8265984CB00F4FC78 /* Info.plist */,
				2700E4D5265984CB00F4FC78 /* Preview Content */,
			);
			path = TouchDown;
			sourceTree = "<group>";
		};
		2700E4D5265984CB00F4FC78 /* Preview Content */ = {
			isa = PBXGroup;
			children = (
				2700E4D6265984CB00F4FC78 /* Preview Assets.xcassets */,
			);
			path = "Preview Content";
			sourceTree = "<group>";
		};
		2700E4E8265985B400F4FC78 /* Data */ = {
			isa = PBXGroup;
			children = (
				2700E4E1265985AB00F4FC78 /* brand.json */,
				2700E4DF265985AA00F4FC78 /* category.json */,
				2700E4E0265985AB00F4FC78 /* player.json */,
				2700E4E2265985AB00F4FC78 /* product.json */,
			);
			path = Data;
			sourceTree = "<group>";
		};
		2700E4EC2659879E00F4FC78 /* App */ = {
			isa = PBXGroup;
			children = (
				2700E4CF265984C800F4FC78 /* TouchDownApp.swift */,
				2700E4D1265984C800F4FC78 /* ContentView.swift */,
				2741BABB265AE5880002C7AE /* ProductDetailView.swift */,
			);
			path = App;
			sourceTree = "<group>";
		};
		2700E4EF265987B500F4FC78 /* View */ = {
			isa = PBXGroup;
			children = (
				2700E4F1265987E100F4FC78 /* Detail */,
				2700E4F0265987D100F4FC78 /* Home */,
			);
			path = View;
			sourceTree = "<group>";
		};
		2700E4F0265987D100F4FC78 /* Home */ = {
			isa = PBXGroup;
			children = (
				2700E4F8265988E700F4FC78 /* FooterView.swift */,
				27F12E272659CEF40047FB86 /* NavigationBarView.swift */,
				27F12E2A2659D0010047FB86 /* LogoView.swift */,
				27F12E342659D4EB0047FB86 /* FeaturedItemView.swift */,
				27F12E372659D56E0047FB86 /* FeaturedTabView.swift */,
				27F12E3D2659F6660047FB86 /* CategoryItemView.swift */,
				27F12E402659F7740047FB86 /* CategoryGridView.swift */,
				27F12E432659F8630047FB86 /* SectionView.swift */,
				27F12E462659F9DF0047FB86 /* TitleView.swift */,
				27F12E4C2659FB0D0047FB86 /* ProductItemView.swift */,
				27F12E522659FD9E0047FB86 /* TeamItemView.swift */,
				27F12E552659FE1E0047FB86 /* TeamGridView.swift */,
			);
			path = Home;
			sourceTree = "<group>";
		};
		2700E4F1265987E100F4FC78 /* Detail */ = {
			isa = PBXGroup;
			children = (
				2741BABE265AE6620002C7AE /* NavigationBarDetailView.swift */,
				2741BAC1265AE7B30002C7AE /* HeaderDetailView.swift */,
				2741BAC4265AE89A0002C7AE /* TopPartDetailView.swift */,
				2741BACA265AEC9B0002C7AE /* RatingsSizesDetailView.swift */,
				2741BACD265AEF400002C7AE /* QuantityFavouriteDetailView.swift */,
				2741BAD0265AF0AD0002C7AE /* AddToCartDetailView.swift */,
			);
			path = Detail;
			sourceTree = "<group>";
		};
		2700E4F2265987E800F4FC78 /* Model */ = {
			isa = PBXGroup;
			children = (
				27F12E2E2659D3750047FB86 /* PlayerModel.swift */,
				27F12E3A2659F5960047FB86 /* CategoryModel.swift */,
				27F12E492659FAA40047FB86 /* ProductsModel.swift */,
				27F12E4F2659FD5E0047FB86 /* TeamsModel.swift */,
			);
			path = Model;
			sourceTree = "<group>";
		};
		2700E4F3265987EC00F4FC78 /* Extension */ = {
			isa = PBXGroup;
			children = (
				27F12E312659D3AC0047FB86 /* CodableBundleExtention.swift */,
			);
			path = Extension;
			sourceTree = "<group>";
		};
		2700E4F4265987F200F4FC78 /* Utility */ = {
			isa = PBXGroup;
			children = (
				2700E4F52659884300F4FC78 /* Constant.swift */,
				2741BAC7265AEB5F0002C7AE /* CustomShape.swift */,
			);
			path = Utility;
			sourceTree = "<group>";
		};
/* End PBXGroup section */

/* Begin PBXNativeTarget section */
		2700E4CB265984C800F4FC78 /* TouchDown */ = {
			isa = PBXNativeTarget;
			buildConfigurationList = 2700E4DB265984CB00F4FC78 /* Build configuration list for PBXNativeTarget "TouchDown" */;
			buildPhases = (
				2700E4C8265984C800F4FC78 /* Sources */,
				2700E4C9265984C800F4FC78 /* Frameworks */,
				2700E4CA265984C800F4FC78 /* Resources */,
			);
			buildRules = (
			);
			dependencies = (
			);
			name = TouchDown;
			productName = TouchDown;
			productReference = 2700E4CC265984C800F4FC78 /* TouchDown.app */;
			productType = "com.apple.product-type.application";
		};
/* End PBXNativeTarget section */

/* Begin PBXProject section */
		2700E4C4265984C800F4FC78 /* Project object */ = {
			isa = PBXProject;
			attributes = {
				LastSwiftUpdateCheck = 1240;
				LastUpgradeCheck = 1240;
				TargetAttributes = {
					2700E4CB265984C800F4FC78 = {
						CreatedOnToolsVersion = 12.4;
					};
				};
			};
			buildConfigurationList = 2700E4C7265984C800F4FC78 /* Build configuration list for PBXProject "TouchDown" */;
			compatibilityVersion = "Xcode 9.3";
			developmentRegion = en;
			hasScannedForEncodings = 0;
			knownRegions = (
				en,
				Base,
			);
			mainGroup = 2700E4C3265984C800F4FC78;
			productRefGroup = 2700E4CD265984C800F4FC78 /* Products */;
			projectDirPath = "";
			projectRoot = "";
			targets = (
				2700E4CB265984C800F4FC78 /* TouchDown */,
			);
		};
/* End PBXProject section */

/* Begin PBXResourcesBuildPhase section */
		2700E4CA265984C800F4FC78 /* Resources */ = {
			isa = PBXResourcesBuildPhase;
			buildActionMask = 2147483647;
			files = (
				2700E4E4265985AB00F4FC78 /* player.json in Resources */,
				2700E4E5265985AB00F4FC78 /* brand.json in Resources */,
				2700E4E3265985AB00F4FC78 /* category.json in Resources */,
				2700E4D7265984CB00F4FC78 /* Preview Assets.xcassets in Resources */,
				2700E4D4265984CB00F4FC78 /* Assets.xcassets in Resources */,
				2700E4E6265985AB00F4FC78 /* product.json in Resources */,
			);
			runOnlyForDeploymentPostprocessing = 0;
		};
/* End PBXResourcesBuildPhase section */

/* Begin PBXSourcesBuildPhase section */
		2700E4C8265984C800F4FC78 /* Sources */ = {
			isa = PBXSourcesBuildPhase;
			buildActionMask = 2147483647;
			files = (
				27F12E2B2659D0010047FB86 /* LogoView.swift in Sources */,
				2741BAC2265AE7B30002C7AE /* HeaderDetailView.swift in Sources */,
				2741BAC5265AE89A0002C7AE /* TopPartDetailView.swift in Sources */,
				27F12E562659FE1E0047FB86 /* TeamGridView.swift in Sources */,
				27F12E322659D3AC0047FB86 /* CodableBundleExtention.swift in Sources */,
				2700E4D2265984C800F4FC78 /* ContentView.swift in Sources */,
				27F12E4A2659FAA40047FB86 /* ProductsModel.swift in Sources */,
				2700E4F9265988E700F4FC78 /* FooterView.swift in Sources */,
				2741BAD1265AF0AD0002C7AE /* AddToCartDetailView.swift in Sources */,
				27F12E4D2659FB0D0047FB86 /* ProductItemView.swift in Sources */,
				2741BACB265AEC9B0002C7AE /* RatingsSizesDetailView.swift in Sources */,
				27F12E352659D4EB0047FB86 /* FeaturedItemView.swift in Sources */,
				2741BABC265AE5880002C7AE /* ProductDetailView.swift in Sources */,
				2741BABF265AE6620002C7AE /* NavigationBarDetailView.swift in Sources */,
				2700E4D0265984C800F4FC78 /* TouchDownApp.swift in Sources */,
				2700E4F62659884300F4FC78 /* Constant.swift in Sources */,
				27F12E412659F7740047FB86 /* CategoryGridView.swift in Sources */,
				27F12E3B2659F5960047FB86 /* CategoryModel.swift in Sources */,
				27F12E282659CEF50047FB86 /* NavigationBarView.swift in Sources */,
				27F12E442659F8630047FB86 /* SectionView.swift in Sources */,
				27F12E3E2659F6660047FB86 /* CategoryItemView.swift in Sources */,
				27F12E502659FD5E0047FB86 /* TeamsModel.swift in Sources */,
				2741BAC8265AEB5F0002C7AE /* CustomShape.swift in Sources */,
				27F12E382659D56E0047FB86 /* FeaturedTabView.swift in Sources */,
				27F12E2F2659D3750047FB86 /* PlayerModel.swift in Sources */,
				27F12E472659F9DF0047FB86 /* TitleView.swift in Sources */,
				2741BACE265AEF400002C7AE /* QuantityFavouriteDetailView.swift in Sources */,
				27F12E532659FD9E0047FB86 /* TeamItemView.swift in Sources */,
			);
			runOnlyForDeploymentPostprocessing = 0;
		};
/* End PBXSourcesBuildPhase section */

/* Begin XCBuildConfiguration section */
		2700E4D9265984CB00F4FC78 /* Debug */ = {
			isa = XCBuildConfiguration;
			buildSettings = {
				ALWAYS_SEARCH_USER_PATHS = NO;
				CLANG_ANALYZER_NONNULL = YES;
				CLANG_ANALYZER_NUMBER_OBJECT_CONVERSION = YES_AGGRESSIVE;
				CLANG_CXX_LANGUAGE_STANDARD = "gnu++14";
				CLANG_CXX_LIBRARY = "libc++";
				CLANG_ENABLE_MODULES = YES;
				CLANG_ENABLE_OBJC_ARC = YES;
				CLANG_ENABLE_OBJC_WEAK = YES;
				CLANG_WARN_BLOCK_CAPTURE_AUTORELEASING = YES;
				CLANG_WARN_BOOL_CONVERSION = YES;
				CLANG_WARN_COMMA = YES;
				CLANG_WARN_CONSTANT_CONVERSION = YES;
				CLANG_WARN_DEPRECATED_OBJC_IMPLEMENTATIONS = YES;
				CLANG_WARN_DIRECT_OBJC_ISA_USAGE = YES_ERROR;
				CLANG_WARN_DOCUMENTATION_COMMENTS = YES;
				CLANG_WARN_EMPTY_BODY = YES;
				CLANG_WARN_ENUM_CONVERSION = YES;
				CLANG_WARN_INFINITE_RECURSION = YES;
				CLANG_WARN_INT_CONVERSION = YES;
				CLANG_WARN_NON_LITERAL_NULL_CONVERSION = YES;
				CLANG_WARN_OBJC_IMPLICIT_RETAIN_SELF = YES;
				CLANG_WARN_OBJC_LITERAL_CONVERSION = YES;
				CLANG_WARN_OBJC_ROOT_CLASS = YES_ERROR;
				CLANG_WARN_QUOTED_INCLUDE_IN_FRAMEWORK_HEADER = YES;
				CLANG_WARN_RANGE_LOOP_ANALYSIS = YES;
				CLANG_WARN_STRICT_PROTOTYPES = YES;
				CLANG_WARN_SUSPICIOUS_MOVE = YES;
				CLANG_WARN_UNGUARDED_AVAILABILITY = YES_AGGRESSIVE;
				CLANG_WARN_UNREACHABLE_CODE = YES;
				CLANG_WARN__DUPLICATE_METHOD_MATCH = YES;
				COPY_PHASE_STRIP = NO;
				DEBUG_INFORMATION_FORMAT = dwarf;
				ENABLE_STRICT_OBJC_MSGSEND = YES;
				ENABLE_TESTABILITY = YES;
				GCC_C_LANGUAGE_STANDARD = gnu11;
				GCC_DYNAMIC_NO_PIC = NO;
				GCC_NO_COMMON_BLOCKS = YES;
				GCC_OPTIMIZATION_LEVEL = 0;
				GCC_PREPROCESSOR_DEFINITIONS = (
					"DEBUG=1",
					"$(inherited)",
				);
				GCC_WARN_64_TO_32_BIT_CONVERSION = YES;
				GCC_WARN_ABOUT_RETURN_TYPE = YES_ERROR;
				GCC_WARN_UNDECLARED_SELECTOR = YES;
				GCC_WARN_UNINITIALIZED_AUTOS = YES_AGGRESSIVE;
				GCC_WARN_UNUSED_FUNCTION = YES;
				GCC_WARN_UNUSED_VARIABLE = YES;
				IPHONEOS_DEPLOYMENT_TARGET = 14.4;
				MTL_ENABLE_DEBUG_INFO = INCLUDE_SOURCE;
				MTL_FAST_MATH = YES;
				ONLY_ACTIVE_ARCH = YES;
				SDKROOT = iphoneos;
				SWIFT_ACTIVE_COMPILATION_CONDITIONS = DEBUG;
				SWIFT_OPTIMIZATION_LEVEL = "-Onone";
			};
			name = Debug;
		};
		2700E4DA265984CB00F4FC78 /* Release */ = {
			isa = XCBuildConfiguration;
			buildSettings = {
				ALWAYS_SEARCH_USER_PATHS = NO;
				CLANG_ANALYZER_NONNULL = YES;
				CLANG_ANALYZER_NUMBER_OBJECT_CONVERSION = YES_AGGRESSIVE;
				CLANG_CXX_LANGUAGE_STANDARD = "gnu++14";
				CLANG_CXX_LIBRARY = "libc++";
				CLANG_ENABLE_MODULES = YES;
				CLANG_ENABLE_OBJC_ARC = YES;
				CLANG_ENABLE_OBJC_WEAK = YES;
				CLANG_WARN_BLOCK_CAPTURE_AUTORELEASING = YES;
				CLANG_WARN_BOOL_CONVERSION = YES;
				CLANG_WARN_COMMA = YES;
				CLANG_WARN_CONSTANT_CONVERSION = YES;
				CLANG_WARN_DEPRECATED_OBJC_IMPLEMENTATIONS = YES;
				CLANG_WARN_DIRECT_OBJC_ISA_USAGE = YES_ERROR;
				CLANG_WARN_DOCUMENTATION_COMMENTS = YES;
				CLANG_WARN_EMPTY_BODY = YES;
				CLANG_WARN_ENUM_CONVERSION = YES;
				CLANG_WARN_INFINITE_RECURSION = YES;
				CLANG_WARN_INT_CONVERSION = YES;
				CLANG_WARN_NON_LITERAL_NULL_CONVERSION = YES;
				CLANG_WARN_OBJC_IMPLICIT_RETAIN_SELF = YES;
				CLANG_WARN_OBJC_LITERAL_CONVERSION = YES;
				CLANG_WARN_OBJC_ROOT_CLASS = YES_ERROR;
				CLANG_WARN_QUOTED_INCLUDE_IN_FRAMEWORK_HEADER = YES;
				CLANG_WARN_RANGE_LOOP_ANALYSIS = YES;
				CLANG_WARN_STRICT_PROTOTYPES = YES;
				CLANG_WARN_SUSPICIOUS_MOVE = YES;
				CLANG_WARN_UNGUARDED_AVAILABILITY = YES_AGGRESSIVE;
				CLANG_WARN_UNREACHABLE_CODE = YES;
				CLANG_WARN__DUPLICATE_METHOD_MATCH = YES;
				COPY_PHASE_STRIP = NO;
				DEBUG_INFORMATION_FORMAT = "dwarf-with-dsym";
				ENABLE_NS_ASSERTIONS = NO;
				ENABLE_STRICT_OBJC_MSGSEND = YES;
				GCC_C_LANGUAGE_STANDARD = gnu11;
				GCC_NO_COMMON_BLOCKS = YES;
				GCC_WARN_64_TO_32_BIT_CONVERSION = YES;
				GCC_WARN_ABOUT_RETURN_TYPE = YES_ERROR;
				GCC_WARN_UNDECLARED_SELECTOR = YES;
				GCC_WARN_UNINITIALIZED_AUTOS = YES_AGGRESSIVE;
				GCC_WARN_UNUSED_FUNCTION = YES;
				GCC_WARN_UNUSED_VARIABLE = YES;
				IPHONEOS_DEPLOYMENT_TARGET = 14.4;
				MTL_ENABLE_DEBUG_INFO = NO;
				MTL_FAST_MATH = YES;
				SDKROOT = iphoneos;
				SWIFT_COMPILATION_MODE = wholemodule;
				SWIFT_OPTIMIZATION_LEVEL = "-O";
				VALIDATE_PRODUCT = YES;
			};
			name = Release;
		};
		2700E4DC265984CB00F4FC78 /* Debug */ = {
			isa = XCBuildConfiguration;
			buildSettings = {
				ASSETCATALOG_COMPILER_APPICON_NAME = AppIcon;
				ASSETCATALOG_COMPILER_GLOBAL_ACCENT_COLOR_NAME = AccentColor;
				CODE_SIGN_STYLE = Automatic;
				DEVELOPMENT_ASSET_PATHS = "\"TouchDown/Preview Content\"";
				DEVELOPMENT_TEAM = KPPGXZ3Y59;
				ENABLE_PREVIEWS = YES;
				INFOPLIST_FILE = TouchDown/Info.plist;
				IPHONEOS_DEPLOYMENT_TARGET = 14.0;
				LD_RUNPATH_SEARCH_PATHS = (
					"$(inherited)",
					"@executable_path/Frameworks",
				);
				PRODUCT_BUNDLE_IDENTIFIER = com.layunta.TouchDown;
				PRODUCT_NAME = "$(TARGET_NAME)";
				SWIFT_VERSION = 5.0;
				TARGETED_DEVICE_FAMILY = "1,2";
			};
			name = Debug;
		};
		2700E4DD265984CB00F4FC78 /* Release */ = {
			isa = XCBuildConfiguration;
			buildSettings = {
				ASSETCATALOG_COMPILER_APPICON_NAME = AppIcon;
				ASSETCATALOG_COMPILER_GLOBAL_ACCENT_COLOR_NAME = AccentColor;
				CODE_SIGN_STYLE = Automatic;
				DEVELOPMENT_ASSET_PATHS = "\"TouchDown/Preview Content\"";
				DEVELOPMENT_TEAM = KPPGXZ3Y59;
				ENABLE_PREVIEWS = YES;
				INFOPLIST_FILE = TouchDown/Info.plist;
				IPHONEOS_DEPLOYMENT_TARGET = 14.0;
				LD_RUNPATH_SEARCH_PATHS = (
					"$(inherited)",
					"@executable_path/Frameworks",
				);
				PRODUCT_BUNDLE_IDENTIFIER = com.layunta.TouchDown;
				PRODUCT_NAME = "$(TARGET_NAME)";
				SWIFT_VERSION = 5.0;
				TARGETED_DEVICE_FAMILY = "1,2";
			};
			name = Release;
		};
/* End XCBuildConfiguration section */

/* Begin XCConfigurationList section */
		2700E4C7265984C800F4FC78 /* Build configuration list for PBXProject "TouchDown" */ = {
			isa = XCConfigurationList;
			buildConfigurations = (
				2700E4D9265984CB00F4FC78 /* Debug */,
				2700E4DA265984CB00F4FC78 /* Release */,
			);
			defaultConfigurationIsVisible = 0;
			defaultConfigurationName = Release;
		};
		2700E4DB265984CB00F4FC78 /* Build configuration list for PBXNativeTarget "TouchDown" */ = {
			isa = XCConfigurationList;
			buildConfigurations = (
				2700E4DC265984CB00F4FC78 /* Debug */,
				2700E4DD265984CB00F4FC78 /* Release */,
			);
			defaultConfigurationIsVisible = 0;
			defaultConfigurationName = Release;
		};
/* End XCConfigurationList section */
	};
	rootObject = 2700E4C4265984C800F4FC78 /* Project object */;
}
